
Microsoft Visual Studio Solution File, Format Version 12.00
# Visual Studio 15
VisualStudioVersion = 15.0.28307.168
MinimumVisualStudioVersion = 10.0.40219.1
Project("{FAE04EC0-301F-11D3-BF4B-00C04F79EFBC}") = "CrackShiftago", "CrackShiftago\CrackShiftago.csproj", "{3E297366-45EF-40E1-BA21-7A46843926EF}"
EndProject
Global
	GlobalSection(SolutionConfigurationPlatforms) = preSolution
		Debug|Any CPU = Debug|Any CPU
		Release|Any CPU = Release|Any CPU
	EndGlobalSection
	GlobalSection(ProjectConfigurationPlatforms) = postSolution
		{3E297366-45EF-40E1-BA21-7A46843926EF}.Debug|Any CPU.ActiveCfg = Debug|Any CPU
		{3E297366-45EF-40E1-BA21-7A46843926EF}.Debug|Any CPU.Build.0 = Debug|Any CPU
		{3E297366-45EF-40E1-BA21-7A46843926EF}.Release|Any CPU.ActiveCfg = Release|Any CPU
		{3E297366-45EF-40E1-BA21-7A46843926EF}.Release|Any CPU.Build.0 = Release|Any CPU
	EndGlobalSection
	GlobalSection(SolutionProperties) = preSolution
		HideSolutionNode = FALSE
	EndGlobalSection
	GlobalSection(ExtensibilityGlobals) = postSolution
		SolutionGuid = {778B74AE-88B2-468E-8223-699861A875A5}
	EndGlobalSection
EndGlobal
